
Microsoft Visual Studio Solution File, Format Version 12.00
# Visual Studio 15
VisualStudioVersion = 15.0.27703.2035
MinimumVisualStudioVersion = 10.0.40219.1
Project("{FAE04EC0-301F-11D3-BF4B-00C04F79EFBC}") = "Algorithms", "Algorithms\Algorithms.csproj", "{FA4C04BE-592F-46B2-8B5E-15D1E0B6C01C}"
EndProject
Project("{FAE04EC0-301F-11D3-BF4B-00C04F79EFBC}") = "Algorithms.Tests", "Algorithms.Tests\Algorithms.Tests.csproj", "{3A6FACF3-3CB8-4A0D-878F-622494CB0B57}"
EndProject
Global
	GlobalSection(SolutionConfigurationPlatforms) = preSolution
		Debug|Any CPU = Debug|Any CPU
		Release|Any CPU = Release|Any CPU
	EndGlobalSection
	GlobalSection(ProjectConfigurationPlatforms) = postSolution
		{FA4C04BE-592F-46B2-8B5E-15D1E0B6C01C}.Debug|Any CPU.ActiveCfg = Debug|Any CPU
		{FA4C04BE-592F-46B2-8B5E-15D1E0B6C01C}.Debug|Any CPU.Build.0 = Debug|Any CPU
		{FA4C04BE-592F-46B2-8B5E-15D1E0B6C01C}.Release|Any CPU.ActiveCfg = Release|Any CPU
		{FA4C04BE-592F-46B2-8B5E-15D1E0B6C01C}.Release|Any CPU.Build.0 = Release|Any CPU
		{3A6FACF3-3CB8-4A0D-878F-622494CB0B57}.Debug|Any CPU.ActiveCfg = Debug|Any CPU
		{3A6FACF3-3CB8-4A0D-878F-622494CB0B57}.Debug|Any CPU.Build.0 = Debug|Any CPU
		{3A6FACF3-3CB8-4A0D-878F-622494CB0B57}.Release|Any CPU.ActiveCfg = Release|Any CPU
		{3A6FACF3-3CB8-4A0D-878F-622494CB0B57}.Release|Any CPU.Build.0 = Release|Any CPU
	EndGlobalSection
	GlobalSection(SolutionProperties) = preSolution
		HideSolutionNode = FALSE
	EndGlobalSection
	GlobalSection(ExtensibilityGlobals) = postSolution
		SolutionGuid = {85DFB633-3047-4F03-B7CB-E2AA9B3190B8}
	EndGlobalSection
EndGlobal
